{
  "name": "spirit-gum",
  "lockfileVersion": 3,
  "requires": true,
  "packages": {
    "": {
      "dependencies": {
        "@j178/prek": "^0.3.10"
      }
    },
    "node_modules/@j178/prek": {
      "version": "0.3.10",
      "resolved": "https://registry.npmjs.org/@j178/prek/-/prek-0.3.10.tgz",
      "integrity": "sha512-vVIFplNy8+OCr7/yOG1yF75GBYdDwhX+qTKG6HAa/frMjcoFCHr8ATXcXoJex9rqpdnAmTOL2U3dNqmJrWatZA==",
      "license": "MIT",
      "bin": {
        "prek": "bin/prek.js"
      },
      "engines": {
        "node": ">=18"
      },
      "optionalDependencies": {
        "@j178/prek-darwin-arm64": "0.3.10",
        "@j178/prek-darwin-x64": "0.3.10",
        "@j178/prek-linux-arm-gnueabihf": "0.3.10",
        "@j178/prek-linux-arm-musleabihf": "0.3.10",
        "@j178/prek-linux-arm64-gnu": "0.3.10",
        "@j178/prek-linux-arm64-musl": "0.3.10",
        "@j178/prek-linux-armv7-musleabihf": "0.3.10",
        "@j178/prek-linux-ia32-gnu": "0.3.10",
        "@j178/prek-linux-ia32-musl": "0.3.10",
        "@j178/prek-linux-riscv64-gnu": "0.3.10",
        "@j178/prek-linux-s390x-gnu": "0.3.10",
        "@j178/prek-linux-x64-gnu": "0.3.10",
        "@j178/prek-linux-x64-musl": "0.3.10",
        "@j178/prek-win32-arm64-msvc": "0.3.10",
        "@j178/prek-win32-ia32-msvc": "0.3.10",
        "@j178/prek-win32-x64-msvc": "0.3.10"
      }
    },
    "node_modules/@j178/prek-darwin-arm64": {
      "version": "0.3.10",
      "resolved": "https://registry.npmjs.org/@j178/prek-darwin-arm64/-/prek-darwin-arm64-0.3.10.tgz",
      "integrity": "sha512-7KHluUGx5lAEtRKnleVSmZGsc9JNeVMRLbSngwU25e4XiJNdczVPrD5EcNwjngh4qoAm5xs05LE/waH7Kcowrg==",
      "cpu": [
        "arm64"
      ],
      "license": "MIT",
      "optional": true,
      "os": [
        "darwin"
      ],
      "engines": {
        "node": ">=18"
      }
    },
    "node_modules/@j178/prek-darwin-x64": {
      "version": "0.3.10",
      "resolved": "https://registry.npmjs.org/@j178/prek-darwin-x64/-/prek-darwin-x64-0.3.10.tgz",
      "integrity": "sha512-IGW0I1NE0fQmv82VfXtlmqLxnLGw3DaTjRYK6NvlnMlbpRXfCzUmafuaL1JNm4DwzIkdxK+HcmoKDW7MFOhXHA==",
      "cpu": [
        "x64"
      ],
      "license": "MIT",
      "optional": true,
      "os": [
        "darwin"
      ],
      "engines": {
        "node": ">=18"
      }
    },
    "node_modules/@j178/prek-linux-arm-gnueabihf": {
      "version": "0.3.10",
      "resolved": "https://registry.npmjs.org/@j178/prek-linux-arm-gnueabihf/-/prek-linux-arm-gnueabihf-0.3.10.tgz",
      "integrity": "sha512-DCTNe/uBhYEe8OdBsmm7NjHjPzdSjpqLHQCzgwxMuzTc0TxCbE1xSOjHE/z4iXkmnvCO+5eSHk8MCG8FJmrzqw==",
      "cpu": [
        "arm"
      ],
      "libc": [
        "glibc"
      ],
      "license": "MIT",
      "optional": true,
      "os": [
        "linux"
      ],
      "engines": {
        "node": ">=18"
      }
    },
    "node_modules/@j178/prek-linux-arm-musleabihf": {
      "version": "0.3.10",
      "resolved": "https://registry.npmjs.org/@j178/prek-linux-arm-musleabihf/-/prek-linux-arm-musleabihf-0.3.10.tgz",
      "integrity": "sha512-+VXSnujzOBY6LqhKrV3nB41btA8qxYYd1UurDbmTQnu97Pa3bHxkRA/AweyOuEKkCxzYpqBXX73c71sHMOm8ag==",
      "cpu": [
        "arm"
      ],
      "libc": [
        "musl"
      ],
      "license": "MIT",
      "optional": true,
      "os": [
        "linux"
      ],
      "engines": {
        "node": ">=18"
      }
    },
    "node_modules/@j178/prek-linux-arm64-gnu": {
      "version": "0.3.10",
      "resolved": "https://registry.npmjs.org/@j178/prek-linux-arm64-gnu/-/prek-linux-arm64-gnu-0.3.10.tgz",
      "integrity": "sha512-v5eW3PGrLMJb3C9rkelNU6A0QoGX2VUiw9IF+IfgAlT/3mk376CLJsmEjUvUR/4Licpc5KRLPcTfIjWdAjNGww==",
      "cpu": [
        "arm64"
      ],
      "libc": [
        "glibc"
      ],
      "license": "MIT",
      "optional": true,
      "os": [
        "linux"
      ],
      "engines": {
        "node": ">=18"
      }
    },
    "node_modules/@j178/prek-linux-arm64-musl": {
      "version": "0.3.10",
      "resolved": "https://registry.npmjs.org/@j178/prek-linux-arm64-musl/-/prek-linux-arm64-musl-0.3.10.tgz",
      "integrity": "sha512-mVtSjMPBcvCBO1DM4TmTKPjhudGYzykT8AGuUf7Iu5Yh8GlLIzeOwWsN6dOYrxRZ3Etykv4sQxcoqaAOjpHp1g==",
      "cpu": [
        "arm64"
      ],
      "libc": [
        "musl"
      ],
      "license": "MIT",
      "optional": true,
      "os": [
        "linux"
      ],
      "engines": {
        "node": ">=18"
      }
    },
    "node_modules/@j178/prek-linux-armv7-musleabihf": {
      "version": "0.3.10",
      "resolved": "https://registry.npmjs.org/@j178/prek-linux-armv7-musleabihf/-/prek-linux-armv7-musleabihf-0.3.10.tgz",
      "integrity": "sha512-AbHBE3YkL0fuky0SvUwxKlHzhUki2JIBOWubUqGwxAbmnrVRmLImUJu4iaFjqytxrtZjtLCFtk4nO28DTgHVKQ==",
      "cpu": [
        "arm"
      ],
      "libc": [
        "musl"
      ],
      "license": "MIT",
      "optional": true,
      "os": [
        "linux"
      ],
      "engines": {
        "node": ">=18"
      }
    },
    "node_modules/@j178/prek-linux-ia32-gnu": {
      "version": "0.3.10",
      "resolved": "https://registry.npmjs.org/@j178/prek-linux-ia32-gnu/-/prek-linux-ia32-gnu-0.3.10.tgz",
      "integrity": "sha512-tk6Xw/HVEMP+jHy5zeNvi+W6F7DAeO30st8eTynrMJHfaMst0fg7+CPA4FNr3tV12gxz55g6HFgLyCoTiTnxBw==",
      "cpu": [
        "ia32"
      ],
      "libc": [
        "glibc"
      ],
      "license": "MIT",
      "optional": true,
      "os": [
        "linux"
      ],
      "engines": {
        "node": ">=18"
      }
    },
    "node_modules/@j178/prek-linux-ia32-musl": {
      "version": "0.3.10",
      "resolved": "https://registry.npmjs.org/@j178/prek-linux-ia32-musl/-/prek-linux-ia32-musl-0.3.10.tgz",
      "integrity": "sha512-9Pde8WU7UoO/VYc1YcseAj0FevKQq5oiXMW+MV4M1JJeXuzP2LWs6d26CgHEkim0TCjIchN9S8Yx/LbEEOq+jA==",
      "cpu": [
        "ia32"
      ],
      "libc": [
        "musl"
      ],
      "license": "MIT",
      "optional": true,
      "os": [
        "linux"
      ],
      "engines": {
        "node": ">=18"
      }
    },
    "node_modules/@j178/prek-linux-riscv64-gnu": {
      "version": "0.3.10",
      "resolved": "https://registry.npmjs.org/@j178/prek-linux-riscv64-gnu/-/prek-linux-riscv64-gnu-0.3.10.tgz",
      "integrity": "sha512-0eNmgunCKM51GuKnVkEcvr+u5j88v7iKsUx1Aqh4WqH1OEdtYhSVmIakyqbEV3ykT0henUCxDLx0H6au9x1OFg==",
      "cpu": [
        "riscv64"
      ],
      "libc": [
        "glibc"
      ],
      "license": "MIT",
      "optional": true,
      "os": [
        "linux"
      ],
      "engines": {
        "node": ">=18"
      }
    },
    "node_modules/@j178/prek-linux-s390x-gnu": {
      "version": "0.3.10",
      "resolved": "https://registry.npmjs.org/@j178/prek-linux-s390x-gnu/-/prek-linux-s390x-gnu-0.3.10.tgz",
      "integrity": "sha512-lkIBbxOGbsZgdK9irRihDDfT8yvuXZeq5EC2KAM1sdCE8P58KMWLUdvKKqBN30sObQzQWsHSelOQ/ZHs+mkyvA==",
      "cpu": [
        "s390x"
      ],
      "libc": [
        "glibc"
      ],
      "license": "MIT",
      "optional": true,
      "os": [
        "linux"
      ],
      "engines": {
        "node": ">=18"
      }
    },
    "node_modules/@j178/prek-linux-x64-gnu": {
      "version": "0.3.10",
      "resolved": "https://registry.npmjs.org/@j178/prek-linux-x64-gnu/-/prek-linux-x64-gnu-0.3.10.tgz",
      "integrity": "sha512-UfbNCEF6RDc0CMQzSyPtD20uTZGWGX6/N+JvQY2QdLPEgeYvKnDJixVcslkYSjLmQe2AdWpht2tVY+qzc9WKEA==",
      "cpu": [
        "x64"
      ],
      "libc": [
        "glibc"
      ],
      "license": "MIT",
      "optional": true,
      "os": [
        "linux"
      ],
      "engines": {
        "node": ">=18"
      }
    },
    "node_modules/@j178/prek-linux-x64-musl": {
      "version": "0.3.10",
      "resolved": "https://registry.npmjs.org/@j178/prek-linux-x64-musl/-/prek-linux-x64-musl-0.3.10.tgz",
      "integrity": "sha512-IR03/3YKYwQgUMwlzHXJe12r8lYdFK7KhPBe2rUQBVTWD/g0e0Yd1Jb3t+C6ZHXsEtrtr2qEwvbAcaJLqbpp1w==",
      "cpu": [
        "x64"
      ],
      "libc": [
        "musl"
      ],
      "license": "MIT",
      "optional": true,
      "os": [
        "linux"
      ],
      "engines": {
        "node": ">=18"
      }
    },
    "node_modules/@j178/prek-win32-arm64-msvc": {
      "version": "0.3.10",
      "resolved": "https://registry.npmjs.org/@j178/prek-win32-arm64-msvc/-/prek-win32-arm64-msvc-0.3.10.tgz",
      "integrity": "sha512-m+EJ46A4y4HwWoL8jeqp52O/32HG+qR6iwy5EXTuo/93B+vQ+k7fxzlRJJX7NssbloV8rT6Frv5mkM4bi54GiA==",
      "cpu": [
        "arm64"
      ],
      "license": "MIT",
      "optional": true,
      "os": [
        "win32"
      ],
      "engines": {
        "node": ">=18"
      }
    },
    "node_modules/@j178/prek-win32-ia32-msvc": {
      "version": "0.3.10",
      "resolved": "https://registry.npmjs.org/@j178/prek-win32-ia32-msvc/-/prek-win32-ia32-msvc-0.3.10.tgz",
      "integrity": "sha512-ZLfUZuNzySm9V9CThF06gnA1MPjjzmikqzA+OUt/we1zI/7bPd0drP11zEnOa73JgCVM+28zb8rPOFyyqUixEQ==",
      "cpu": [
        "ia32"
      ],
      "license": "MIT",
      "optional": true,
      "os": [
        "win32"
      ],
      "engines": {
        "node": ">=18"
      }
    },
    "node_modules/@j178/prek-win32-x64-msvc": {
      "version": "0.3.10",
      "resolved": "https://registry.npmjs.org/@j178/prek-win32-x64-msvc/-/prek-win32-x64-msvc-0.3.10.tgz",
      "integrity": "sha512-Ln1/nrk3R+wnxbqP8xELI4xb4Aw49Pd8MlEDKnEnxc0cVChZlO3oHac5Mgm8DHXtMzKT8l0NBOVT1PG29RA7Rw==",
      "cpu": [
        "x64"
      ],
      "license": "MIT",
      "optional": true,
      "os": [
        "win32"
      ],
      "engines": {
        "node": ">=18"
      }
    }
  }
}
